
Microsoft Visual Studio Solution File, Format Version 12.00
Project("{FAE04EC0-301F-11D3-BF4B-00C04F79EFBC}") = "generate", "generate\generate.csproj", "{1448FC93-1F01-4909-8A15-F61C602A0550}"
EndProject
Project("{FAE04EC0-301F-11D3-BF4B-00C04F79EFBC}") = "sort", "sort\sort.csproj", "{C740EF42-BD97-498A-8C36-553410312CE2}"
EndProject
Global
	GlobalSection(SolutionConfigurationPlatforms) = preSolution
		Debug|Any CPU = Debug|Any CPU
		Release|Any CPU = Release|Any CPU
	EndGlobalSection
	GlobalSection(ProjectConfigurationPlatforms) = postSolution
		{1448FC93-1F01-4909-8A15-F61C602A0550}.Debug|Any CPU.ActiveCfg = Debug|Any CPU
		{1448FC93-1F01-4909-8A15-F61C602A0550}.Debug|Any CPU.Build.0 = Debug|Any CPU
		{1448FC93-1F01-4909-8A15-F61C602A0550}.Release|Any CPU.ActiveCfg = Release|Any CPU
		{1448FC93-1F01-4909-8A15-F61C602A0550}.Release|Any CPU.Build.0 = Release|Any CPU
		{C740EF42-BD97-498A-8C36-553410312CE2}.Debug|Any CPU.ActiveCfg = Debug|Any CPU
		{C740EF42-BD97-498A-8C36-553410312CE2}.Debug|Any CPU.Build.0 = Debug|Any CPU
		{C740EF42-BD97-498A-8C36-553410312CE2}.Release|Any CPU.ActiveCfg = Release|Any CPU
		{C740EF42-BD97-498A-8C36-553410312CE2}.Release|Any CPU.Build.0 = Release|Any CPU
	EndGlobalSection
EndGlobal
